
Microsoft Visual Studio Solution File, Format Version 12.00
# Visual Studio 14
VisualStudioVersion = 14.0.25420.1
MinimumVisualStudioVersion = 10.0.40219.1
Project("{FAE04EC0-301F-11D3-BF4B-00C04F79EFBC}") = "DataReaderDeserializer", "DataReaderDeserializer\DataReaderDeserializer.csproj", "{EDA639A9-9146-49FB-82DC-D9DA8F5B407F}"
EndProject
Project("{FAE04EC0-301F-11D3-BF4B-00C04F79EFBC}") = "ReaderTest", "ReaderTest\ReaderTest.csproj", "{4A2643DB-776E-4653-9243-34ECA8C67945}"
EndProject
Global
	GlobalSection(SolutionConfigurationPlatforms) = preSolution
		Debug|Any CPU = Debug|Any CPU
		Release|Any CPU = Release|Any CPU
	EndGlobalSection
	GlobalSection(ProjectConfigurationPlatforms) = postSolution
		{EDA639A9-9146-49FB-82DC-D9DA8F5B407F}.Debug|Any CPU.ActiveCfg = Debug|Any CPU
		{EDA639A9-9146-49FB-82DC-D9DA8F5B407F}.Debug|Any CPU.Build.0 = Debug|Any CPU
		{EDA639A9-9146-49FB-82DC-D9DA8F5B407F}.Release|Any CPU.ActiveCfg = Release|Any CPU
		{EDA639A9-9146-49FB-82DC-D9DA8F5B407F}.Release|Any CPU.Build.0 = Release|Any CPU
		{4A2643DB-776E-4653-9243-34ECA8C67945}.Debug|Any CPU.ActiveCfg = Debug|Any CPU
		{4A2643DB-776E-4653-9243-34ECA8C67945}.Debug|Any CPU.Build.0 = Debug|Any CPU
		{4A2643DB-776E-4653-9243-34ECA8C67945}.Release|Any CPU.ActiveCfg = Release|Any CPU
		{4A2643DB-776E-4653-9243-34ECA8C67945}.Release|Any CPU.Build.0 = Release|Any CPU
	EndGlobalSection
	GlobalSection(SolutionProperties) = preSolution
		HideSolutionNode = FALSE
	EndGlobalSection
EndGlobal
